
Microsoft Visual Studio Solution File, Format Version 12.00
# Visual Studio Version 17
VisualStudioVersion = 17.9.34616.47
MinimumVisualStudioVersion = 10.0.40219.1
Project("{FAE04EC0-301F-11D3-BF4B-00C04F79EFBC}") = "EOSC.API", "EOSC.API\EOSC.API.csproj", "{2D202385-F358-4D92-A557-DE045C776BDD}"
EndProject
Project("{FAE04EC0-301F-11D3-BF4B-00C04F79EFBC}") = "EOSC.Web", "EOSC.Web\EOSC.Web.csproj", "{C8FEA78A-7155-4056-8AED-26422681110B}"
EndProject
Project("{FAE04EC0-301F-11D3-BF4B-00C04F79EFBC}") = "EOSC.Bot", "EOSC.Bot\EOSC.Bot.csproj", "{172DF2E2-5408-4983-8F61-C2F7630A6D66}"
EndProject
Global
	GlobalSection(SolutionConfigurationPlatforms) = preSolution
		Debug|Any CPU = Debug|Any CPU
		Release|Any CPU = Release|Any CPU
	EndGlobalSection
	GlobalSection(ProjectConfigurationPlatforms) = postSolution
		{2D202385-F358-4D92-A557-DE045C776BDD}.Debug|Any CPU.ActiveCfg = Debug|Any CPU
		{2D202385-F358-4D92-A557-DE045C776BDD}.Debug|Any CPU.Build.0 = Debug|Any CPU
		{2D202385-F358-4D92-A557-DE045C776BDD}.Release|Any CPU.ActiveCfg = Release|Any CPU
		{2D202385-F358-4D92-A557-DE045C776BDD}.Release|Any CPU.Build.0 = Release|Any CPU
		{C8FEA78A-7155-4056-8AED-26422681110B}.Debug|Any CPU.ActiveCfg = Debug|Any CPU
		{C8FEA78A-7155-4056-8AED-26422681110B}.Debug|Any CPU.Build.0 = Debug|Any CPU
		{C8FEA78A-7155-4056-8AED-26422681110B}.Release|Any CPU.ActiveCfg = Release|Any CPU
		{C8FEA78A-7155-4056-8AED-26422681110B}.Release|Any CPU.Build.0 = Release|Any CPU
		{172DF2E2-5408-4983-8F61-C2F7630A6D66}.Debug|Any CPU.ActiveCfg = Debug|Any CPU
		{172DF2E2-5408-4983-8F61-C2F7630A6D66}.Debug|Any CPU.Build.0 = Debug|Any CPU
		{172DF2E2-5408-4983-8F61-C2F7630A6D66}.Release|Any CPU.ActiveCfg = Release|Any CPU
		{172DF2E2-5408-4983-8F61-C2F7630A6D66}.Release|Any CPU.Build.0 = Release|Any CPU
	EndGlobalSection
	GlobalSection(SolutionProperties) = preSolution
		HideSolutionNode = FALSE
	EndGlobalSection
	GlobalSection(ExtensibilityGlobals) = postSolution
		SolutionGuid = {EFD6CB1C-30BA-43DA-8FD7-B25348F4E03C}
	EndGlobalSection
EndGlobal
